
Microsoft Visual Studio Solution File, Format Version 12.00
# Visual Studio Version 17
VisualStudioVersion = 17.13.35818.85 d17.13
MinimumVisualStudioVersion = 10.0.40219.1
Project("{FAE04EC0-301F-11D3-BF4B-00C04F79EFBC}") = "DirectoryCleaner_Csharp", "DirectoryCleaner_Csharp.csproj", "{D3339F10-0634-422D-954F-C207704AC6B9}"
EndProject
Global
	GlobalSection(SolutionConfigurationPlatforms) = preSolution
		Debug|Any CPU = Debug|Any CPU
		Release|Any CPU = Release|Any CPU
	EndGlobalSection
	GlobalSection(ProjectConfigurationPlatforms) = postSolution
		{D3339F10-0634-422D-954F-C207704AC6B9}.Debug|Any CPU.ActiveCfg = Debug|Any CPU
		{D3339F10-0634-422D-954F-C207704AC6B9}.Debug|Any CPU.Build.0 = Debug|Any CPU
		{D3339F10-0634-422D-954F-C207704AC6B9}.Release|Any CPU.ActiveCfg = Release|Any CPU
		{D3339F10-0634-422D-954F-C207704AC6B9}.Release|Any CPU.Build.0 = Release|Any CPU
	EndGlobalSection
	GlobalSection(SolutionProperties) = preSolution
		HideSolutionNode = FALSE
	EndGlobalSection
	GlobalSection(ExtensibilityGlobals) = postSolution
		SolutionGuid = {4839315D-2DD3-4823-A75F-5127EA712D96}
	EndGlobalSection
EndGlobal
